// !$*UTF8*$!
{
	archiveVersion = 1;
	classes = {
	};
	objectVersion = 46;
	objects = {

/* Begin PBXBuildFile section */
		A83EFF061B2CA83C005261F3 /* Images.xcassets in Resources */ = {isa = PBXBuildFile; fileRef = A83EFF051B2CA83C005261F3 /* Images.xcassets */; };
		A83EFF091B2CA83C005261F3 /* LaunchScreen.xib in Resources */ = {isa = PBXBuildFile; fileRef = A83EFF071B2CA83C005261F3 /* LaunchScreen.xib */; };
		B10000010000000000000001 /* RecentsApp.swift in Sources */ = {isa = PBXBuildFile; fileRef = B10000110000000000000001 /* RecentsApp.swift */; };
		B10000020000000000000001 /* Models.swift in Sources */ = {isa = PBXBuildFile; fileRef = B10000120000000000000001 /* Models.swift */; };
		B10000030000000000000001 /* ContactsStore.swift in Sources */ = {isa = PBXBuildFile; fileRef = B10000130000000000000001 /* ContactsStore.swift */; };
		B10000040000000000000001 /* ContentView.swift in Sources */ = {isa = PBXBuildFile; fileRef = B10000140000000000000001 /* ContentView.swift */; };
/* End PBXBuildFile section */

/* Begin PBXFileReference section */
		A83EFEF51B2CA83C005261F3 /* Recents.app */ = {isa = PBXFileReference; explicitFileType = wrapper.application; includeInIndex = 0; path = Recents.app; sourceTree = BUILT_PRODUCTS_DIR; };
		A83EFEF91B2CA83C005261F3 /* Info.plist */ = {isa = PBXFileReference; lastKnownFileType = text.plist.xml; path = Info.plist; sourceTree = "<group>"; };
		A83EFF051B2CA83C005261F3 /* Images.xcassets */ = {isa = PBXFileReference; lastKnownFileType = folder.assetcatalog; path = Images.xcassets; sourceTree = "<group>"; };
		A83EFF081B2CA83C005261F3 /* Base */ = {isa = PBXFileReference; lastKnownFileType = file.xib; name = Base; path = Base.lproj/LaunchScreen.xib; sourceTree = "<group>"; };
		B10000110000000000000001 /* RecentsApp.swift */ = {isa = PBXFileReference; lastKnownFileType = sourcecode.swift; path = RecentsApp.swift; sourceTree = "<group>"; };
		B10000120000000000000001 /* Models.swift */ = {isa = PBXFileReference; lastKnownFileType = sourcecode.swift; path = Models.swift; sourceTree = "<group>"; };
		B10000130000000000000001 /* ContactsStore.swift */ = {isa = PBXFileReference; lastKnownFileType = sourcecode.swift; path = ContactsStore.swift; sourceTree = "<group>"; };
		B10000140000000000000001 /* ContentView.swift */ = {isa = PBXFileReference; lastKnownFileType = sourcecode.swift; path = ContentView.swift; sourceTree = "<group>"; };
/* End PBXFileReference section */

/* Begin PBXFrameworksBuildPhase section */
		A83EFEF21B2CA83C005261F3 /* Frameworks */ = {
			isa = PBXFrameworksBuildPhase;
			buildActionMask = 2147483647;
			files = (
			);
			runOnlyForDeploymentPostprocessing = 0;
		};
/* End PBXFrameworksBuildPhase section */

/* Begin PBXGroup section */
		A83EFEEC1B2CA83C005261F3 = {
			isa = PBXGroup;
			children = (
				A83EFEF71B2CA83C005261F3 /* Contacts */,
				A83EFEF61B2CA83C005261F3 /* Products */,
			);
			sourceTree = "<group>";
		};
		A83EFEF61B2CA83C005261F3 /* Products */ = {
			isa = PBXGroup;
			children = (
				A83EFEF51B2CA83C005261F3 /* Recents.app */,
			);
			name = Products;
			sourceTree = "<group>";
		};
		A83EFEF71B2CA83C005261F3 /* Contacts */ = {
			isa = PBXGroup;
			children = (
				B10000110000000000000001 /* RecentsApp.swift */,
				B10000140000000000000001 /* ContentView.swift */,
				B10000130000000000000001 /* ContactsStore.swift */,
				B10000120000000000000001 /* Models.swift */,
				A868974E1B38CEB7008B4778 /* Resources */,
				A83EFEF81B2CA83C005261F3 /* Supporting Files */,
			);
			path = Contacts;
			sourceTree = "<group>";
		};
		A83EFEF81B2CA83C005261F3 /* Supporting Files */ = {
			isa = PBXGroup;
			children = (
				A83EFEF91B2CA83C005261F3 /* Info.plist */,
			);
			name = "Supporting Files";
			sourceTree = "<group>";
		};
		A868974E1B38CEB7008B4778 /* Resources */ = {
			isa = PBXGroup;
			children = (
				A83EFF051B2CA83C005261F3 /* Images.xcassets */,
				A83EFF071B2CA83C005261F3 /* LaunchScreen.xib */,
			);
			name = Resources;
			sourceTree = "<group>";
		};
/* End PBXGroup section */

/* Begin PBXNativeTarget section */
		A83EFEF41B2CA83C005261F3 /* Recents */ = {
			isa = PBXNativeTarget;
			buildConfigurationList = A83EFF181B2CA83C005261F3 /* Build configuration list for PBXNativeTarget "Recents" */;
			buildPhases = (
				A83EFEF11B2CA83C005261F3 /* Sources */,
				A83EFEF21B2CA83C005261F3 /* Frameworks */,
				A83EFEF31B2CA83C005261F3 /* Resources */,
			);
			buildRules = (
			);
			dependencies = (
			);
			name = Recents;
			productName = Contacts;
			productReference = A83EFEF51B2CA83C005261F3 /* Recents.app */;
			productType = "com.apple.product-type.application";
		};
/* End PBXNativeTarget section */

/* Begin PBXProject section */
		A83EFEED1B2CA83C005261F3 /* Project object */ = {
			isa = PBXProject;
			attributes = {
				LastUpgradeCheck = 0920;
				ORGANIZATIONNAME = "Brian Donohue";
				TargetAttributes = {
					A83EFEF41B2CA83C005261F3 = {
						CreatedOnToolsVersion = 6.3.2;
						DevelopmentTeam = QJ2DK665F2;
						ProvisioningStyle = Automatic;
					};
				};
			};
			buildConfigurationList = A83EFEF01B2CA83C005261F3 /* Build configuration list for PBXProject "Contacts" */;
			compatibilityVersion = "Xcode 3.2";
			developmentRegion = English;
			hasScannedForEncodings = 0;
			knownRegions = (
				English,
				en,
				Base,
			);
			mainGroup = A83EFEEC1B2CA83C005261F3;
			productRefGroup = A83EFEF61B2CA83C005261F3 /* Products */;
			projectDirPath = "";
			projectRoot = "";
			targets = (
				A83EFEF41B2CA83C005261F3 /* Recents */,
			);
		};
/* End PBXProject section */

/* Begin PBXResourcesBuildPhase section */
		A83EFEF31B2CA83C005261F3 /* Resources */ = {
			isa = PBXResourcesBuildPhase;
			buildActionMask = 2147483647;
			files = (
				A83EFF091B2CA83C005261F3 /* LaunchScreen.xib in Resources */,
				A83EFF061B2CA83C005261F3 /* Images.xcassets in Resources */,
			);
			runOnlyForDeploymentPostprocessing = 0;
		};
/* End PBXResourcesBuildPhase section */

/* Begin PBXSourcesBuildPhase section */
		A83EFEF11B2CA83C005261F3 /* Sources */ = {
			isa = PBXSourcesBuildPhase;
			buildActionMask = 2147483647;
			files = (
				B10000010000000000000001 /* RecentsApp.swift in Sources */,
				B10000020000000000000001 /* Models.swift in Sources */,
				B10000030000000000000001 /* ContactsStore.swift in Sources */,
				B10000040000000000000001 /* ContentView.swift in Sources */,
			);
			runOnlyForDeploymentPostprocessing = 0;
		};
/* End PBXSourcesBuildPhase section */

/* Begin PBXVariantGroup section */
		A83EFF071B2CA83C005261F3 /* LaunchScreen.xib */ = {
			isa = PBXVariantGroup;
			children = (
				A83EFF081B2CA83C005261F3 /* Base */,
			);
			name = LaunchScreen.xib;
			sourceTree = "<group>";
		};
/* End PBXVariantGroup section */

/* Begin XCBuildConfiguration section */
		A83EFF161B2CA83C005261F3 /* Debug */ = {
			isa = XCBuildConfiguration;
			buildSettings = {
				ALWAYS_SEARCH_USER_PATHS = NO;
				CLANG_CXX_LANGUAGE_STANDARD = "gnu++0x";
				CLANG_CXX_LIBRARY = "libc++";
				CLANG_ENABLE_MODULES = YES;
				CLANG_ENABLE_OBJC_ARC = YES;
				CLANG_WARN_BLOCK_CAPTURE_AUTORELEASING = YES;
				CLANG_WARN_BOOL_CONVERSION = YES;
				CLANG_WARN_COMMA = YES;
				CLANG_WARN_CONSTANT_CONVERSION = YES;
				CLANG_WARN_DIRECT_OBJC_ISA_USAGE = YES_ERROR;
				CLANG_WARN_EMPTY_BODY = YES;
				CLANG_WARN_ENUM_CONVERSION = YES;
				CLANG_WARN_INFINITE_RECURSION = YES;
				CLANG_WARN_INT_CONVERSION = YES;
				CLANG_WARN_NON_LITERAL_NULL_CONVERSION = YES;
				CLANG_WARN_OBJC_LITERAL_CONVERSION = YES;
				CLANG_WARN_OBJC_ROOT_CLASS = YES_ERROR;
				CLANG_WARN_RANGE_LOOP_ANALYSIS = YES;
				CLANG_WARN_STRICT_PROTOTYPES = YES;
				CLANG_WARN_SUSPICIOUS_MOVE = YES;
				CLANG_WARN_UNREACHABLE_CODE = YES;
				CLANG_WARN__DUPLICATE_METHOD_MATCH = YES;
				"CODE_SIGN_IDENTITY[sdk=iphoneos*]" = "iPhone Developer";
				COPY_PHASE_STRIP = NO;
				DEBUG_INFORMATION_FORMAT = "dwarf-with-dsym";
				ENABLE_STRICT_OBJC_MSGSEND = YES;
				ENABLE_TESTABILITY = YES;
				GCC_C_LANGUAGE_STANDARD = gnu99;
				GCC_DYNAMIC_NO_PIC = NO;
				GCC_NO_COMMON_BLOCKS = YES;
				GCC_OPTIMIZATION_LEVEL = 0;
				GCC_PREPROCESSOR_DEFINITIONS = (
					"DEBUG=1",
					"$(inherited)",
				);
				GCC_SYMBOLS_PRIVATE_EXTERN = NO;
				GCC_WARN_64_TO_32_BIT_CONVERSION = YES;
				GCC_WARN_ABOUT_RETURN_TYPE = YES_ERROR;
				GCC_WARN_UNDECLARED_SELECTOR = YES;
				GCC_WARN_UNINITIALIZED_AUTOS = YES_AGGRESSIVE;
				GCC_WARN_UNUSED_FUNCTION = YES;
				GCC_WARN_UNUSED_VARIABLE = YES;
				IPHONEOS_DEPLOYMENT_TARGET = 9.0;
				MTL_ENABLE_DEBUG_INFO = YES;
				ONLY_ACTIVE_ARCH = YES;
				SDKROOT = iphoneos;
			};
			name = Debug;
		};
		A83EFF171B2CA83C005261F3 /* Release */ = {
			isa = XCBuildConfiguration;
			buildSettings = {
				ALWAYS_SEARCH_USER_PATHS = NO;
				CLANG_CXX_LANGUAGE_STANDARD = "gnu++0x";
				CLANG_CXX_LIBRARY = "libc++";
				CLANG_ENABLE_MODULES = YES;
				CLANG_ENABLE_OBJC_ARC = YES;
				CLANG_WARN_BLOCK_CAPTURE_AUTORELEASING = YES;
				CLANG_WARN_BOOL_CONVERSION = YES;
				CLANG_WARN_COMMA = YES;
				CLANG_WARN_CONSTANT_CONVERSION = YES;
				CLANG_WARN_DIRECT_OBJC_ISA_USAGE = YES_ERROR;
				CLANG_WARN_EMPTY_BODY = YES;
				CLANG_WARN_ENUM_CONVERSION = YES;
				CLANG_WARN_INFINITE_RECURSION = YES;
				CLANG_WARN_INT_CONVERSION = YES;
				CLANG_WARN_NON_LITERAL_NULL_CONVERSION = YES;
				CLANG_WARN_OBJC_LITERAL_CONVERSION = YES;
				CLANG_WARN_OBJC_ROOT_CLASS = YES_ERROR;
				CLANG_WARN_RANGE_LOOP_ANALYSIS = YES;
				CLANG_WARN_STRICT_PROTOTYPES = YES;
				CLANG_WARN_SUSPICIOUS_MOVE = YES;
				CLANG_WARN_UNREACHABLE_CODE = YES;
				CLANG_WARN__DUPLICATE_METHOD_MATCH = YES;
				"CODE_SIGN_IDENTITY[sdk=iphoneos*]" = "iPhone Developer";
				COPY_PHASE_STRIP = NO;
				DEBUG_INFORMATION_FORMAT = "dwarf-with-dsym";
				ENABLE_NS_ASSERTIONS = NO;
				ENABLE_STRICT_OBJC_MSGSEND = YES;
				GCC_C_LANGUAGE_STANDARD = gnu99;
				GCC_NO_COMMON_BLOCKS = YES;
				GCC_WARN_64_TO_32_BIT_CONVERSION = YES;
				GCC_WARN_ABOUT_RETURN_TYPE = YES_ERROR;
				GCC_WARN_UNDECLARED_SELECTOR = YES;
				GCC_WARN_UNINITIALIZED_AUTOS = YES_AGGRESSIVE;
				GCC_WARN_UNUSED_FUNCTION = YES;
				GCC_WARN_UNUSED_VARIABLE = YES;
				IPHONEOS_DEPLOYMENT_TARGET = 9.0;
				MTL_ENABLE_DEBUG_INFO = NO;
				SDKROOT = iphoneos;
				VALIDATE_PRODUCT = YES;
			};
			name = Release;
		};
		A83EFF191B2CA83C005261F3 /* Debug */ = {
			isa = XCBuildConfiguration;
			buildSettings = {
				ASSETCATALOG_COMPILER_APPICON_NAME = AppIcon;
				ASSETCATALOG_COMPILER_GLOBAL_ACCENT_COLOR_NAME = AccentColor;
				CODE_SIGN_IDENTITY = "iPhone Developer: Brian Donohue (PVZ32H2B3X)";
				"CODE_SIGN_IDENTITY[sdk=iphoneos*]" = "iPhone Developer";
				CODE_SIGN_STYLE = Automatic;
				DEVELOPMENT_TEAM = QJ2DK665F2;
				INFOPLIST_FILE = Contacts/Info.plist;
				IPHONEOS_DEPLOYMENT_TARGET = 15;
				LD_RUNPATH_SEARCH_PATHS = "$(inherited) @executable_path/Frameworks";
				PRODUCT_BUNDLE_IDENTIFIER = com.bthdonohue.Recents;
				PRODUCT_NAME = "$(TARGET_NAME)";
				PROVISIONING_PROFILE_SPECIFIER = "";
				SWIFT_VERSION = 6.0;
			};
			name = Debug;
		};
		A83EFF1A1B2CA83C005261F3 /* Release */ = {
			isa = XCBuildConfiguration;
			buildSettings = {
				ASSETCATALOG_COMPILER_APPICON_NAME = AppIcon;
				ASSETCATALOG_COMPILER_GLOBAL_ACCENT_COLOR_NAME = AccentColor;
				CODE_SIGN_IDENTITY = "iPhone Developer: Brian Donohue (PVZ32H2B3X)";
				"CODE_SIGN_IDENTITY[sdk=iphoneos*]" = "iPhone Developer";
				CODE_SIGN_STYLE = Automatic;
				DEVELOPMENT_TEAM = QJ2DK665F2;
				INFOPLIST_FILE = Contacts/Info.plist;
				IPHONEOS_DEPLOYMENT_TARGET = 15;
				LD_RUNPATH_SEARCH_PATHS = "$(inherited) @executable_path/Frameworks";
				PRODUCT_BUNDLE_IDENTIFIER = com.bthdonohue.Recents;
				PRODUCT_NAME = "$(TARGET_NAME)";
				PROVISIONING_PROFILE_SPECIFIER = "";
				SWIFT_VERSION = 6.0;
			};
			name = Release;
		};
/* End XCBuildConfiguration section */

/* Begin XCConfigurationList section */
		A83EFEF01B2CA83C005261F3 /* Build configuration list for PBXProject "Contacts" */ = {
			isa = XCConfigurationList;
			buildConfigurations = (
				A83EFF161B2CA83C005261F3 /* Debug */,
				A83EFF171B2CA83C005261F3 /* Release */,
			);
			defaultConfigurationIsVisible = 0;
			defaultConfigurationName = Release;
		};
		A83EFF181B2CA83C005261F3 /* Build configuration list for PBXNativeTarget "Recents" */ = {
			isa = XCConfigurationList;
			buildConfigurations = (
				A83EFF191B2CA83C005261F3 /* Debug */,
				A83EFF1A1B2CA83C005261F3 /* Release */,
			);
			defaultConfigurationIsVisible = 0;
			defaultConfigurationName = Release;
		};
/* End XCConfigurationList section */
	};
	rootObject = A83EFEED1B2CA83C005261F3 /* Project object */;
}
